
Microsoft Visual Studio Solution File, Format Version 12.00
# Visual Studio Version 16
VisualStudioVersion = 16.0.30711.63
MinimumVisualStudioVersion = 10.0.40219.1
Project("{FAE04EC0-301F-11D3-BF4B-00C04F79EFBC}") = "proyecto_3_lenguajes_warner_hurtado", "proyecto_3_lenguajes_warner_hurtado.csproj", "{EEAAFDF9-C2BB-43F8-A75F-48B220C02244}"
EndProject
Global
	GlobalSection(SolutionConfigurationPlatforms) = preSolution
		Debug|Any CPU = Debug|Any CPU
		Release|Any CPU = Release|Any CPU
	EndGlobalSection
	GlobalSection(ProjectConfigurationPlatforms) = postSolution
		{EEAAFDF9-C2BB-43F8-A75F-48B220C02244}.Debug|Any CPU.ActiveCfg = Debug|Any CPU
		{EEAAFDF9-C2BB-43F8-A75F-48B220C02244}.Debug|Any CPU.Build.0 = Debug|Any CPU
		{EEAAFDF9-C2BB-43F8-A75F-48B220C02244}.Release|Any CPU.ActiveCfg = Release|Any CPU
		{EEAAFDF9-C2BB-43F8-A75F-48B220C02244}.Release|Any CPU.Build.0 = Release|Any CPU
	EndGlobalSection
	GlobalSection(SolutionProperties) = preSolution
		HideSolutionNode = FALSE
	EndGlobalSection
	GlobalSection(ExtensibilityGlobals) = postSolution
		SolutionGuid = {559B7429-0483-48A3-836E-94A4D0569AC4}
	EndGlobalSection
EndGlobal
